{
  "name": "EasyBook",
  "version": "1.0.0",
  "lockfileVersion": 1,
  "requires": true,
  "dependencies": {
    "@dcloudio/uni-ui": {
      "version": "1.1.5",
      "resolved": "https://registry.npm.taobao.org/@dcloudio/uni-ui/download/@dcloudio/uni-ui-1.1.5.tgz",
      "integrity": "sha1-jtr77vHhna3iGvH6BkjsgilLnUw="
    }
  }
}
